<?xml version="1.0" encoding="utf-8"?>
<Project ToolsVersion="4.0" xmlns="http://schemas.microsoft.com/developer/msbuild/2003">
  <ItemGroup>
    <Filter Include="spotlight_images">
      <UniqueIdentifier>{4FC737F1-C7A5-4376-A066-2A32D752A2FF}</UniqueIdentifier>
      <Extensions>cpp;c;cc;cxx;c++;cppm;ixx;def;odl;idl;hpj;bat;asm;asmx</Extensions>
    </Filter>
    <Filter Include="spotlight_images\gui">
      <UniqueIdentifier>{a6520a0e-965a-4f44-927d-e6b6aefeb6fa}</UniqueIdentifier>
    </Filter>
    <Filter Include="spotlight_images\gui\main_form">
      <UniqueIdentifier>{4dc7d70b-2581-44b1-a77f-2f31c8c6ef50}</UniqueIdentifier>
    </Filter>
    <Filter Include="spotlight_images\gui\main_form\pages">
      <UniqueIdentifier>{1f33f6bd-6427-40ec-a969-4eb8888517d3}</UniqueIdentifier>
    </Filter>
    <Filter Include="spotlight_images\resources">
      <UniqueIdentifier>{b50497cc-889b-4ea9-a7f1-cbd9b6c72d2e}</UniqueIdentifier>
    </Filter>
    <Filter Include="spotlight_images\resources\png">
      <UniqueIdentifier>{709c931e-7d08-4454-a8f0-a60da65a9c68}</UniqueIdentifier>
    </Filter>
    <Filter Include="spotlight_images\resources\ico">
      <UniqueIdentifier>{92c785c3-caac-460c-b35f-51beabe4e4bf}</UniqueIdentifier>
    </Filter>
  </ItemGroup>
  <ItemGroup>
    <ClCompile Include="spotlight_images.cpp">
      <Filter>spotlight_images</Filter>
    </ClCompile>
    <ClCompile Include="main.cpp">
      <Filter>spotlight_images</Filter>
    </ClCompile>
    <ClCompile Include="helper_functions.cpp">
      <Filter>spotlight_images</Filter>
    </ClCompile>
    <ClCompile Include="gui\on_initialize.cpp">
      <Filter>spotlight_images\gui\main_form</Filter>
    </ClCompile>
    <ClCompile Include="gui\on_layout.cpp">
      <Filter>spotlight_images\gui\main_form</Filter>
    </ClCompile>
    <ClCompile Include="gui\main_form.cpp">
      <Filter>spotlight_images\gui\main_form</Filter>
    </ClCompile>
    <ClCompile Include="gui\pages\home.cpp">
      <Filter>spotlight_images\gui\main_form\pages</Filter>
    </ClCompile>
    <ClCompile Include="gui\pages\help.cpp">
      <Filter>spotlight_images\gui\main_form\pages</Filter>
    </ClCompile>
    <ClCompile Include="gui\pages\settings.cpp">
      <Filter>spotlight_images\gui\main_form\pages</Filter>
    </ClCompile>
    <ClCompile Include="gui\side_pane.cpp">
      <Filter>spotlight_images\gui\main_form</Filter>
    </ClCompile>
    <ClCompile Include="gui\on_start.cpp">
      <Filter>spotlight_images\gui\main_form</Filter>
    </ClCompile>
  </ItemGroup>
  <ItemGroup>
    <ClInclude Include="spotlight_images.h">
      <Filter>spotlight_images</Filter>
    </ClInclude>
    <ClInclude Include="helper_functions.h">
      <Filter>spotlight_images</Filter>
    </ClInclude>
    <ClInclude Include="gui.h">
      <Filter>spotlight_images</Filter>
    </ClInclude>
    <ClInclude Include="version_info.h">
      <Filter>spotlight_images</Filter>
    </ClInclude>
    <ClInclude Include="resource.h">
      <Filter>spotlight_images</Filter>
    </ClInclude>
  </ItemGroup>
  <ItemGroup>
    <ResourceCompile Include="version_info.rc">
      <Filter>spotlight_images</Filter>
    </ResourceCompile>
    <ResourceCompile Include="resource.rc">
      <Filter>spotlight_images</Filter>
    </ResourceCompile>
  </ItemGroup>
  <ItemGroup>
    <Image Include="resources\ico\icon.ico">
      <Filter>spotlight_images\resources\ico</Filter>
    </Image>
    <Image Include="resources\png\error.png">
      <Filter>spotlight_images\resources\png</Filter>
    </Image>
    <Image Include="resources\png\folder.png">
      <Filter>spotlight_images\resources\png</Filter>
    </Image>
    <Image Include="resources\png\image.png">
      <Filter>spotlight_images\resources\png</Filter>
    </Image>
    <Image Include="resources\png\back_dark.png">
      <Filter>spotlight_images\resources\png</Filter>
    </Image>
    <Image Include="resources\png\back_light.png">
      <Filter>spotlight_images\resources\png</Filter>
    </Image>
    <Image Include="resources\png\info.png">
      <Filter>spotlight_images\resources\png</Filter>
    </Image>
    <Image Include="resources\png\settings.png">
      <Filter>spotlight_images\resources\png</Filter>
    </Image>
    <Image Include="resources\png\updates.png">
      <Filter>spotlight_images\resources\png</Filter>
    </Image>
    <Image Include="resources\png\splash_128.png">
      <Filter>spotlight_images\resources\png</Filter>
    </Image>
    <Image Include="resources\png\splash_256.png">
      <Filter>spotlight_images\resources\png</Filter>
    </Image>
    <Image Include="resources\png\icon_16.png">
      <Filter>spotlight_images\resources\png</Filter>
    </Image>
    <Image Include="resources\png\icon_24.png">
      <Filter>spotlight_images\resources\png</Filter>
    </Image>
    <Image Include="resources\png\icon_32.png">
      <Filter>spotlight_images\resources\png</Filter>
    </Image>
    <Image Include="resources\png\icon_64.png">
      <Filter>spotlight_images\resources\png</Filter>
    </Image>
    <Image Include="resources\png\icon_128.png">
      <Filter>spotlight_images\resources\png</Filter>
    </Image>
    <Image Include="resources\png\icon_256.png">
      <Filter>spotlight_images\resources\png</Filter>
    </Image>
    <Image Include="resources\png\icon_512.png">
      <Filter>spotlight_images\resources\png</Filter>
    </Image>
  </ItemGroup>
  <ItemGroup>
    <Xml Include="latest_update.xml">
      <Filter>spotlight_images</Filter>
    </Xml>
  </ItemGroup>
</Project>